
Microsoft Visual Studio Solution File, Format Version 12.00
# Visual Studio Version 17
VisualStudioVersion = 17.10.34928.147
MinimumVisualStudioVersion = 10.0.40219.1
Project("{FAE04EC0-301F-11D3-BF4B-00C04F79EFBC}") = "API Banco", "API Banco\API Banco.csproj", "{8B66FFB4-2ECF-4C13-B2E3-840A25F410AD}"
EndProject
Global
	GlobalSection(SolutionConfigurationPlatforms) = preSolution
		Debug|Any CPU = Debug|Any CPU
		Release|Any CPU = Release|Any CPU
	EndGlobalSection
	GlobalSection(ProjectConfigurationPlatforms) = postSolution
		{8B66FFB4-2ECF-4C13-B2E3-840A25F410AD}.Debug|Any CPU.ActiveCfg = Debug|Any CPU
		{8B66FFB4-2ECF-4C13-B2E3-840A25F410AD}.Debug|Any CPU.Build.0 = Debug|Any CPU
		{8B66FFB4-2ECF-4C13-B2E3-840A25F410AD}.Release|Any CPU.ActiveCfg = Release|Any CPU
		{8B66FFB4-2ECF-4C13-B2E3-840A25F410AD}.Release|Any CPU.Build.0 = Release|Any CPU
	EndGlobalSection
	GlobalSection(SolutionProperties) = preSolution
		HideSolutionNode = FALSE
	EndGlobalSection
	GlobalSection(ExtensibilityGlobals) = postSolution
		SolutionGuid = {E5EE5A75-77BF-4C45-8705-9290861CA411}
	EndGlobalSection
EndGlobal
